// !$*UTF8*$!
{
	archiveVersion = 1;
	classes = {
	};
	objectVersion = 56;
	objects = {

/* Begin PBXBuildFile section */
		603576512AA02CBC005BA115 /* MakingCardGameApp.swift in Sources */ = {isa = PBXBuildFile; fileRef = 603576502AA02CBC005BA115 /* MakingCardGameApp.swift */; };
		603576532AA02CBC005BA115 /* ContentView.swift in Sources */ = {isa = PBXBuildFile; fileRef = 603576522AA02CBC005BA115 /* ContentView.swift */; };
		603576552AA02CBD005BA115 /* Assets.xcassets in Resources */ = {isa = PBXBuildFile; fileRef = 603576542AA02CBD005BA115 /* Assets.xcassets */; };
		603576582AA02CBD005BA115 /* Preview Assets.xcassets in Resources */ = {isa = PBXBuildFile; fileRef = 603576572AA02CBD005BA115 /* Preview Assets.xcassets */; };
		6035765A2AA02CBD005BA115 /* Persistence.swift in Sources */ = {isa = PBXBuildFile; fileRef = 603576592AA02CBD005BA115 /* Persistence.swift */; };
		6035765D2AA02CBD005BA115 /* MakingCardGame.xcdatamodeld in Sources */ = {isa = PBXBuildFile; fileRef = 6035765B2AA02CBD005BA115 /* MakingCardGame.xcdatamodeld */; };
		6035766A2AA036FD005BA115 /* CardInfo.swift in Sources */ = {isa = PBXBuildFile; fileRef = 603576692AA036FD005BA115 /* CardInfo.swift */; };
		6035766C2AA2D5C1005BA115 /* CardViewModel.swift in Sources */ = {isa = PBXBuildFile; fileRef = 6035766B2AA2D5C1005BA115 /* CardViewModel.swift */; };
		6035766F2AA2DFD3005BA115 /* Testing.swift in Sources */ = {isa = PBXBuildFile; fileRef = 6035766E2AA2DFD3005BA115 /* Testing.swift */; };
		603576712AA2DFFC005BA115 /* TestingView.swift in Sources */ = {isa = PBXBuildFile; fileRef = 603576702AA2DFFC005BA115 /* TestingView.swift */; };
/* End PBXBuildFile section */

/* Begin PBXFileReference section */
		6035764D2AA02CBC005BA115 /* MakingCardGame.app */ = {isa = PBXFileReference; explicitFileType = wrapper.application; includeInIndex = 0; path = MakingCardGame.app; sourceTree = BUILT_PRODUCTS_DIR; };
		603576502AA02CBC005BA115 /* MakingCardGameApp.swift */ = {isa = PBXFileReference; lastKnownFileType = sourcecode.swift; path = MakingCardGameApp.swift; sourceTree = "<group>"; };
		603576522AA02CBC005BA115 /* ContentView.swift */ = {isa = PBXFileReference; lastKnownFileType = sourcecode.swift; path = ContentView.swift; sourceTree = "<group>"; };
		603576542AA02CBD005BA115 /* Assets.xcassets */ = {isa = PBXFileReference; lastKnownFileType = folder.assetcatalog; path = Assets.xcassets; sourceTree = "<group>"; };
		603576572AA02CBD005BA115 /* Preview Assets.xcassets */ = {isa = PBXFileReference; lastKnownFileType = folder.assetcatalog; path = "Preview Assets.xcassets"; sourceTree = "<group>"; };
		603576592AA02CBD005BA115 /* Persistence.swift */ = {isa = PBXFileReference; lastKnownFileType = sourcecode.swift; path = Persistence.swift; sourceTree = "<group>"; };
		6035765C2AA02CBD005BA115 /* MakingCardGame.xcdatamodel */ = {isa = PBXFileReference; lastKnownFileType = wrapper.xcdatamodel; path = MakingCardGame.xcdatamodel; sourceTree = "<group>"; };
		603576692AA036FD005BA115 /* CardInfo.swift */ = {isa = PBXFileReference; lastKnownFileType = sourcecode.swift; path = CardInfo.swift; sourceTree = "<group>"; };
		6035766B2AA2D5C1005BA115 /* CardViewModel.swift */ = {isa = PBXFileReference; lastKnownFileType = sourcecode.swift; path = CardViewModel.swift; sourceTree = "<group>"; };
		6035766E2AA2DFD3005BA115 /* Testing.swift */ = {isa = PBXFileReference; lastKnownFileType = sourcecode.swift; path = Testing.swift; sourceTree = "<group>"; };
		603576702AA2DFFC005BA115 /* TestingView.swift */ = {isa = PBXFileReference; lastKnownFileType = sourcecode.swift; path = TestingView.swift; sourceTree = "<group>"; };
/* End PBXFileReference section */

/* Begin PBXFrameworksBuildPhase section */
		6035764A2AA02CBC005BA115 /* Frameworks */ = {
			isa = PBXFrameworksBuildPhase;
			buildActionMask = 2147483647;
			files = (
			);
			runOnlyForDeploymentPostprocessing = 0;
		};
/* End PBXFrameworksBuildPhase section */

/* Begin PBXGroup section */
		603576442AA02CBC005BA115 = {
			isa = PBXGroup;
			children = (
				6035764F2AA02CBC005BA115 /* MakingCardGame */,
				6035764E2AA02CBC005BA115 /* Products */,
			);
			sourceTree = "<group>";
		};
		6035764E2AA02CBC005BA115 /* Products */ = {
			isa = PBXGroup;
			children = (
				6035764D2AA02CBC005BA115 /* MakingCardGame.app */,
			);
			name = Products;
			sourceTree = "<group>";
		};
		6035764F2AA02CBC005BA115 /* MakingCardGame */ = {
			isa = PBXGroup;
			children = (
				6035766D2AA2DFCA005BA115 /* Test */,
				603576682AA02F08005BA115 /* Asset */,
				603576672AA02F03005BA115 /* Util */,
				603576662AA02EF6005BA115 /* CoreData */,
				603576652AA02EE4005BA115 /* VIew */,
				603576642AA02EDD005BA115 /* ViewModel */,
				603576632AA02ED6005BA115 /* Model */,
				603576502AA02CBC005BA115 /* MakingCardGameApp.swift */,
				6035765B2AA02CBD005BA115 /* MakingCardGame.xcdatamodeld */,
				603576562AA02CBD005BA115 /* Preview Content */,
			);
			path = MakingCardGame;
			sourceTree = "<group>";
		};
		603576562AA02CBD005BA115 /* Preview Content */ = {
			isa = PBXGroup;
			children = (
				603576572AA02CBD005BA115 /* Preview Assets.xcassets */,
			);
			path = "Preview Content";
			sourceTree = "<group>";
		};
		603576632AA02ED6005BA115 /* Model */ = {
			isa = PBXGroup;
			children = (
				603576692AA036FD005BA115 /* CardInfo.swift */,
			);
			path = Model;
			sourceTree = "<group>";
		};
		603576642AA02EDD005BA115 /* ViewModel */ = {
			isa = PBXGroup;
			children = (
				6035766B2AA2D5C1005BA115 /* CardViewModel.swift */,
			);
			path = ViewModel;
			sourceTree = "<group>";
		};
		603576652AA02EE4005BA115 /* VIew */ = {
			isa = PBXGroup;
			children = (
				603576522AA02CBC005BA115 /* ContentView.swift */,
			);
			path = VIew;
			sourceTree = "<group>";
		};
		603576662AA02EF6005BA115 /* CoreData */ = {
			isa = PBXGroup;
			children = (
				603576592AA02CBD005BA115 /* Persistence.swift */,
			);
			path = CoreData;
			sourceTree = "<group>";
		};
		603576672AA02F03005BA115 /* Util */ = {
			isa = PBXGroup;
			children = (
			);
			path = Util;
			sourceTree = "<group>";
		};
		603576682AA02F08005BA115 /* Asset */ = {
			isa = PBXGroup;
			children = (
				603576542AA02CBD005BA115 /* Assets.xcassets */,
			);
			path = Asset;
			sourceTree = "<group>";
		};
		6035766D2AA2DFCA005BA115 /* Test */ = {
			isa = PBXGroup;
			children = (
				6035766E2AA2DFD3005BA115 /* Testing.swift */,
				603576702AA2DFFC005BA115 /* TestingView.swift */,
			);
			path = Test;
			sourceTree = "<group>";
		};
/* End PBXGroup section */

/* Begin PBXNativeTarget section */
		6035764C2AA02CBC005BA115 /* MakingCardGame */ = {
			isa = PBXNativeTarget;
			buildConfigurationList = 603576602AA02CBD005BA115 /* Build configuration list for PBXNativeTarget "MakingCardGame" */;
			buildPhases = (
				603576492AA02CBC005BA115 /* Sources */,
				6035764A2AA02CBC005BA115 /* Frameworks */,
				6035764B2AA02CBC005BA115 /* Resources */,
			);
			buildRules = (
			);
			dependencies = (
			);
			name = MakingCardGame;
			productName = MakingCardGame;
			productReference = 6035764D2AA02CBC005BA115 /* MakingCardGame.app */;
			productType = "com.apple.product-type.application";
		};
/* End PBXNativeTarget section */

/* Begin PBXProject section */
		603576452AA02CBC005BA115 /* Project object */ = {
			isa = PBXProject;
			attributes = {
				BuildIndependentTargetsInParallel = 1;
				LastSwiftUpdateCheck = 1430;
				LastUpgradeCheck = 1430;
				TargetAttributes = {
					6035764C2AA02CBC005BA115 = {
						CreatedOnToolsVersion = 14.3;
					};
				};
			};
			buildConfigurationList = 603576482AA02CBC005BA115 /* Build configuration list for PBXProject "MakingCardGame" */;
			compatibilityVersion = "Xcode 14.0";
			developmentRegion = en;
			hasScannedForEncodings = 0;
			knownRegions = (
				en,
				Base,
			);
			mainGroup = 603576442AA02CBC005BA115;
			productRefGroup = 6035764E2AA02CBC005BA115 /* Products */;
			projectDirPath = "";
			projectRoot = "";
			targets = (
				6035764C2AA02CBC005BA115 /* MakingCardGame */,
			);
		};
/* End PBXProject section */

/* Begin PBXResourcesBuildPhase section */
		6035764B2AA02CBC005BA115 /* Resources */ = {
			isa = PBXResourcesBuildPhase;
			buildActionMask = 2147483647;
			files = (
				603576582AA02CBD005BA115 /* Preview Assets.xcassets in Resources */,
				603576552AA02CBD005BA115 /* Assets.xcassets in Resources */,
			);
			runOnlyForDeploymentPostprocessing = 0;
		};
/* End PBXResourcesBuildPhase section */

/* Begin PBXSourcesBuildPhase section */
		603576492AA02CBC005BA115 /* Sources */ = {
			isa = PBXSourcesBuildPhase;
			buildActionMask = 2147483647;
			files = (
				6035766A2AA036FD005BA115 /* CardInfo.swift in Sources */,
				6035766F2AA2DFD3005BA115 /* Testing.swift in Sources */,
				6035765A2AA02CBD005BA115 /* Persistence.swift in Sources */,
				6035766C2AA2D5C1005BA115 /* CardViewModel.swift in Sources */,
				603576532AA02CBC005BA115 /* ContentView.swift in Sources */,
				603576712AA2DFFC005BA115 /* TestingView.swift in Sources */,
				6035765D2AA02CBD005BA115 /* MakingCardGame.xcdatamodeld in Sources */,
				603576512AA02CBC005BA115 /* MakingCardGameApp.swift in Sources */,
			);
			runOnlyForDeploymentPostprocessing = 0;
		};
/* End PBXSourcesBuildPhase section */

/* Begin XCBuildConfiguration section */
		6035765E2AA02CBD005BA115 /* Debug */ = {
			isa = XCBuildConfiguration;
			buildSettings = {
				ALWAYS_SEARCH_USER_PATHS = NO;
				CLANG_ANALYZER_NONNULL = YES;
				CLANG_ANALYZER_NUMBER_OBJECT_CONVERSION = YES_AGGRESSIVE;
				CLANG_CXX_LANGUAGE_STANDARD = "gnu++20";
				CLANG_ENABLE_MODULES = YES;
				CLANG_ENABLE_OBJC_ARC = YES;
				CLANG_ENABLE_OBJC_WEAK = YES;
				CLANG_WARN_BLOCK_CAPTURE_AUTORELEASING = YES;
				CLANG_WARN_BOOL_CONVERSION = YES;
				CLANG_WARN_COMMA = YES;
				CLANG_WARN_CONSTANT_CONVERSION = YES;
				CLANG_WARN_DEPRECATED_OBJC_IMPLEMENTATIONS = YES;
				CLANG_WARN_DIRECT_OBJC_ISA_USAGE = YES_ERROR;
				CLANG_WARN_DOCUMENTATION_COMMENTS = YES;
				CLANG_WARN_EMPTY_BODY = YES;
				CLANG_WARN_ENUM_CONVERSION = YES;
				CLANG_WARN_INFINITE_RECURSION = YES;
				CLANG_WARN_INT_CONVERSION = YES;
				CLANG_WARN_NON_LITERAL_NULL_CONVERSION = YES;
				CLANG_WARN_OBJC_IMPLICIT_RETAIN_SELF = YES;
				CLANG_WARN_OBJC_LITERAL_CONVERSION = YES;
				CLANG_WARN_OBJC_ROOT_CLASS = YES_ERROR;
				CLANG_WARN_QUOTED_INCLUDE_IN_FRAMEWORK_HEADER = YES;
				CLANG_WARN_RANGE_LOOP_ANALYSIS = YES;
				CLANG_WARN_STRICT_PROTOTYPES = YES;
				CLANG_WARN_SUSPICIOUS_MOVE = YES;
				CLANG_WARN_UNGUARDED_AVAILABILITY = YES_AGGRESSIVE;
				CLANG_WARN_UNREACHABLE_CODE = YES;
				CLANG_WARN__DUPLICATE_METHOD_MATCH = YES;
				COPY_PHASE_STRIP = NO;
				DEBUG_INFORMATION_FORMAT = dwarf;
				ENABLE_STRICT_OBJC_MSGSEND = YES;
				ENABLE_TESTABILITY = YES;
				GCC_C_LANGUAGE_STANDARD = gnu11;
				GCC_DYNAMIC_NO_PIC = NO;
				GCC_NO_COMMON_BLOCKS = YES;
				GCC_OPTIMIZATION_LEVEL = 0;
				GCC_PREPROCESSOR_DEFINITIONS = (
					"DEBUG=1",
					"$(inherited)",
				);
				GCC_WARN_64_TO_32_BIT_CONVERSION = YES;
				GCC_WARN_ABOUT_RETURN_TYPE = YES_ERROR;
				GCC_WARN_UNDECLARED_SELECTOR = YES;
				GCC_WARN_UNINITIALIZED_AUTOS = YES_AGGRESSIVE;
				GCC_WARN_UNUSED_FUNCTION = YES;
				GCC_WARN_UNUSED_VARIABLE = YES;
				IPHONEOS_DEPLOYMENT_TARGET = 16.4;
				MTL_ENABLE_DEBUG_INFO = INCLUDE_SOURCE;
				MTL_FAST_MATH = YES;
				ONLY_ACTIVE_ARCH = YES;
				SDKROOT = iphoneos;
				SWIFT_ACTIVE_COMPILATION_CONDITIONS = DEBUG;
				SWIFT_OPTIMIZATION_LEVEL = "-Onone";
			};
			name = Debug;
		};
		6035765F2AA02CBD005BA115 /* Release */ = {
			isa = XCBuildConfiguration;
			buildSettings = {
				ALWAYS_SEARCH_USER_PATHS = NO;
				CLANG_ANALYZER_NONNULL = YES;
				CLANG_ANALYZER_NUMBER_OBJECT_CONVERSION = YES_AGGRESSIVE;
				CLANG_CXX_LANGUAGE_STANDARD = "gnu++20";
				CLANG_ENABLE_MODULES = YES;
				CLANG_ENABLE_OBJC_ARC = YES;
				CLANG_ENABLE_OBJC_WEAK = YES;
				CLANG_WARN_BLOCK_CAPTURE_AUTORELEASING = YES;
				CLANG_WARN_BOOL_CONVERSION = YES;
				CLANG_WARN_COMMA = YES;
				CLANG_WARN_CONSTANT_CONVERSION = YES;
				CLANG_WARN_DEPRECATED_OBJC_IMPLEMENTATIONS = YES;
				CLANG_WARN_DIRECT_OBJC_ISA_USAGE = YES_ERROR;
				CLANG_WARN_DOCUMENTATION_COMMENTS = YES;
				CLANG_WARN_EMPTY_BODY = YES;
				CLANG_WARN_ENUM_CONVERSION = YES;
				CLANG_WARN_INFINITE_RECURSION = YES;
				CLANG_WARN_INT_CONVERSION = YES;
				CLANG_WARN_NON_LITERAL_NULL_CONVERSION = YES;
				CLANG_WARN_OBJC_IMPLICIT_RETAIN_SELF = YES;
				CLANG_WARN_OBJC_LITERAL_CONVERSION = YES;
				CLANG_WARN_OBJC_ROOT_CLASS = YES_ERROR;
				CLANG_WARN_QUOTED_INCLUDE_IN_FRAMEWORK_HEADER = YES;
				CLANG_WARN_RANGE_LOOP_ANALYSIS = YES;
				CLANG_WARN_STRICT_PROTOTYPES = YES;
				CLANG_WARN_SUSPICIOUS_MOVE = YES;
				CLANG_WARN_UNGUARDED_AVAILABILITY = YES_AGGRESSIVE;
				CLANG_WARN_UNREACHABLE_CODE = YES;
				CLANG_WARN__DUPLICATE_METHOD_MATCH = YES;
				COPY_PHASE_STRIP = NO;
				DEBUG_INFORMATION_FORMAT = "dwarf-with-dsym";
				ENABLE_NS_ASSERTIONS = NO;
				ENABLE_STRICT_OBJC_MSGSEND = YES;
				GCC_C_LANGUAGE_STANDARD = gnu11;
				GCC_NO_COMMON_BLOCKS = YES;
				GCC_WARN_64_TO_32_BIT_CONVERSION = YES;
				GCC_WARN_ABOUT_RETURN_TYPE = YES_ERROR;
				GCC_WARN_UNDECLARED_SELECTOR = YES;
				GCC_WARN_UNINITIALIZED_AUTOS = YES_AGGRESSIVE;
				GCC_WARN_UNUSED_FUNCTION = YES;
				GCC_WARN_UNUSED_VARIABLE = YES;
				IPHONEOS_DEPLOYMENT_TARGET = 16.4;
				MTL_ENABLE_DEBUG_INFO = NO;
				MTL_FAST_MATH = YES;
				SDKROOT = iphoneos;
				SWIFT_COMPILATION_MODE = wholemodule;
				SWIFT_OPTIMIZATION_LEVEL = "-O";
				VALIDATE_PRODUCT = YES;
			};
			name = Release;
		};
		603576612AA02CBD005BA115 /* Debug */ = {
			isa = XCBuildConfiguration;
			buildSettings = {
				ASSETCATALOG_COMPILER_APPICON_NAME = AppIcon;
				ASSETCATALOG_COMPILER_GLOBAL_ACCENT_COLOR_NAME = AccentColor;
				CODE_SIGN_STYLE = Automatic;
				CURRENT_PROJECT_VERSION = 1;
				DEVELOPMENT_ASSET_PATHS = "\"MakingCardGame/Preview Content\"";
				DEVELOPMENT_TEAM = S68RW89WQA;
				ENABLE_PREVIEWS = YES;
				GENERATE_INFOPLIST_FILE = YES;
				INFOPLIST_KEY_UIApplicationSceneManifest_Generation = YES;
				INFOPLIST_KEY_UIApplicationSupportsIndirectInputEvents = YES;
				INFOPLIST_KEY_UILaunchScreen_Generation = YES;
				INFOPLIST_KEY_UISupportedInterfaceOrientations_iPad = "UIInterfaceOrientationPortrait UIInterfaceOrientationPortraitUpsideDown UIInterfaceOrientationLandscapeLeft UIInterfaceOrientationLandscapeRight";
				INFOPLIST_KEY_UISupportedInterfaceOrientations_iPhone = "UIInterfaceOrientationPortrait UIInterfaceOrientationLandscapeLeft UIInterfaceOrientationLandscapeRight";
				LD_RUNPATH_SEARCH_PATHS = (
					"$(inherited)",
					"@executable_path/Frameworks",
				);
				MARKETING_VERSION = 1.0;
				PRODUCT_BUNDLE_IDENTIFIER = "com.black-rubber.MakingCardGame";
				PRODUCT_NAME = "$(TARGET_NAME)";
				SWIFT_EMIT_LOC_STRINGS = YES;
				SWIFT_VERSION = 5.0;
				TARGETED_DEVICE_FAMILY = "1,2";
			};
			name = Debug;
		};
		603576622AA02CBD005BA115 /* Release */ = {
			isa = XCBuildConfiguration;
			buildSettings = {
				ASSETCATALOG_COMPILER_APPICON_NAME = AppIcon;
				ASSETCATALOG_COMPILER_GLOBAL_ACCENT_COLOR_NAME = AccentColor;
				CODE_SIGN_STYLE = Automatic;
				CURRENT_PROJECT_VERSION = 1;
				DEVELOPMENT_ASSET_PATHS = "\"MakingCardGame/Preview Content\"";
				DEVELOPMENT_TEAM = S68RW89WQA;
				ENABLE_PREVIEWS = YES;
				GENERATE_INFOPLIST_FILE = YES;
				INFOPLIST_KEY_UIApplicationSceneManifest_Generation = YES;
				INFOPLIST_KEY_UIApplicationSupportsIndirectInputEvents = YES;
				INFOPLIST_KEY_UILaunchScreen_Generation = YES;
				INFOPLIST_KEY_UISupportedInterfaceOrientations_iPad = "UIInterfaceOrientationPortrait UIInterfaceOrientationPortraitUpsideDown UIInterfaceOrientationLandscapeLeft UIInterfaceOrientationLandscapeRight";
				INFOPLIST_KEY_UISupportedInterfaceOrientations_iPhone = "UIInterfaceOrientationPortrait UIInterfaceOrientationLandscapeLeft UIInterfaceOrientationLandscapeRight";
				LD_RUNPATH_SEARCH_PATHS = (
					"$(inherited)",
					"@executable_path/Frameworks",
				);
				MARKETING_VERSION = 1.0;
				PRODUCT_BUNDLE_IDENTIFIER = "com.black-rubber.MakingCardGame";
				PRODUCT_NAME = "$(TARGET_NAME)";
				SWIFT_EMIT_LOC_STRINGS = YES;
				SWIFT_VERSION = 5.0;
				TARGETED_DEVICE_FAMILY = "1,2";
			};
			name = Release;
		};
/* End XCBuildConfiguration section */

/* Begin XCConfigurationList section */
		603576482AA02CBC005BA115 /* Build configuration list for PBXProject "MakingCardGame" */ = {
			isa = XCConfigurationList;
			buildConfigurations = (
				6035765E2AA02CBD005BA115 /* Debug */,
				6035765F2AA02CBD005BA115 /* Release */,
			);
			defaultConfigurationIsVisible = 0;
			defaultConfigurationName = Release;
		};
		603576602AA02CBD005BA115 /* Build configuration list for PBXNativeTarget "MakingCardGame" */ = {
			isa = XCConfigurationList;
			buildConfigurations = (
				603576612AA02CBD005BA115 /* Debug */,
				603576622AA02CBD005BA115 /* Release */,
			);
			defaultConfigurationIsVisible = 0;
			defaultConfigurationName = Release;
		};
/* End XCConfigurationList section */

/* Begin XCVersionGroup section */
		6035765B2AA02CBD005BA115 /* MakingCardGame.xcdatamodeld */ = {
			isa = XCVersionGroup;
			children = (
				6035765C2AA02CBD005BA115 /* MakingCardGame.xcdatamodel */,
			);
			currentVersion = 6035765C2AA02CBD005BA115 /* MakingCardGame.xcdatamodel */;
			path = MakingCardGame.xcdatamodeld;
			sourceTree = "<group>";
			versionGroupType = wrapper.xcdatamodel;
		};
/* End XCVersionGroup section */
	};
	rootObject = 603576452AA02CBC005BA115 /* Project object */;
}
